// !$*UTF8*$!
{
	archiveVersion = 1;
	classes = {
	};
	objectVersion = 46;
	objects = {

/* Begin PBXBuildFile section */
		73C9C5021E0C0F3100A1B12A /* lispexprocessorclass.cpp in Sources */ = {isa = PBXBuildFile; fileRef = 73C9C4FF1E0C0F3100A1B12A /* lispexprocessorclass.cpp */; };
		73C9C5031E0C0F3100A1B12A /* main.cpp in Sources */ = {isa = PBXBuildFile; fileRef = 73C9C5011E0C0F3100A1B12A /* main.cpp */; };
/* End PBXBuildFile section */

/* Begin PBXCopyFilesBuildPhase section */
		73C9C4F01E0C03CE00A1B12A /* CopyFiles */ = {
			isa = PBXCopyFilesBuildPhase;
			buildActionMask = 2147483647;
			dstPath = /usr/share/man/man1/;
			dstSubfolderSpec = 0;
			files = (
			);
			runOnlyForDeploymentPostprocessing = 1;
		};
/* End PBXCopyFilesBuildPhase section */

/* Begin PBXFileReference section */
		73C9C4F21E0C03CE00A1B12A /* oop2 */ = {isa = PBXFileReference; explicitFileType = "compiled.mach-o.executable"; includeInIndex = 0; path = oop2; sourceTree = BUILT_PRODUCTS_DIR; };
		73C9C4FF1E0C0F3100A1B12A /* lispexprocessorclass.cpp */ = {isa = PBXFileReference; fileEncoding = 4; lastKnownFileType = sourcecode.cpp.cpp; path = lispexprocessorclass.cpp; sourceTree = SOURCE_ROOT; };
		73C9C5001E0C0F3100A1B12A /* lispexprocessorclass.hpp */ = {isa = PBXFileReference; fileEncoding = 4; lastKnownFileType = sourcecode.cpp.h; path = lispexprocessorclass.hpp; sourceTree = SOURCE_ROOT; };
		73C9C5011E0C0F3100A1B12A /* main.cpp */ = {isa = PBXFileReference; fileEncoding = 4; lastKnownFileType = sourcecode.cpp.cpp; path = main.cpp; sourceTree = SOURCE_ROOT; };
		73C9C5041E0FCF3C00A1B12A /* in.txt */ = {isa = PBXFileReference; fileEncoding = 4; lastKnownFileType = text; path = in.txt; sourceTree = "<group>"; };
/* End PBXFileReference section */

/* Begin PBXFrameworksBuildPhase section */
		73C9C4EF1E0C03CE00A1B12A /* Frameworks */ = {
			isa = PBXFrameworksBuildPhase;
			buildActionMask = 2147483647;
			files = (
			);
			runOnlyForDeploymentPostprocessing = 0;
		};
/* End PBXFrameworksBuildPhase section */

/* Begin PBXGroup section */
		73C9C4E91E0C03CE00A1B12A = {
			isa = PBXGroup;
			children = (
				73C9C4F41E0C03CE00A1B12A /* oop2 */,
				73C9C4F31E0C03CE00A1B12A /* Products */,
			);
			sourceTree = "<group>";
		};
		73C9C4F31E0C03CE00A1B12A /* Products */ = {
			isa = PBXGroup;
			children = (
				73C9C4F21E0C03CE00A1B12A /* oop2 */,
			);
			name = Products;
			sourceTree = "<group>";
		};
		73C9C4F41E0C03CE00A1B12A /* oop2 */ = {
			isa = PBXGroup;
			children = (
				73C9C4FF1E0C0F3100A1B12A /* lispexprocessorclass.cpp */,
				73C9C5001E0C0F3100A1B12A /* lispexprocessorclass.hpp */,
				73C9C5011E0C0F3100A1B12A /* main.cpp */,
				73C9C5041E0FCF3C00A1B12A /* in.txt */,
			);
			path = oop2;
			sourceTree = "<group>";
		};
/* End PBXGroup section */

/* Begin PBXNativeTarget section */
		73C9C4F11E0C03CE00A1B12A /* oop2 */ = {
			isa = PBXNativeTarget;
			buildConfigurationList = 73C9C4F91E0C03CE00A1B12A /* Build configuration list for PBXNativeTarget "oop2" */;
			buildPhases = (
				73C9C4EE1E0C03CE00A1B12A /* Sources */,
				73C9C4EF1E0C03CE00A1B12A /* Frameworks */,
				73C9C4F01E0C03CE00A1B12A /* CopyFiles */,
			);
			buildRules = (
			);
			dependencies = (
			);
			name = oop2;
			productName = oop2;
			productReference = 73C9C4F21E0C03CE00A1B12A /* oop2 */;
			productType = "com.apple.product-type.tool";
		};
/* End PBXNativeTarget section */

/* Begin PBXProject section */
		73C9C4EA1E0C03CE00A1B12A /* Project object */ = {
			isa = PBXProject;
			attributes = {
				LastUpgradeCheck = 0710;
				ORGANIZATIONNAME = "施晓钰";
				TargetAttributes = {
					73C9C4F11E0C03CE00A1B12A = {
						CreatedOnToolsVersion = 7.1;
					};
				};
			};
			buildConfigurationList = 73C9C4ED1E0C03CE00A1B12A /* Build configuration list for PBXProject "oop2" */;
			compatibilityVersion = "Xcode 3.2";
			developmentRegion = English;
			hasScannedForEncodings = 0;
			knownRegions = (
				en,
			);
			mainGroup = 73C9C4E91E0C03CE00A1B12A;
			productRefGroup = 73C9C4F31E0C03CE00A1B12A /* Products */;
			projectDirPath = "";
			projectRoot = "";
			targets = (
				73C9C4F11E0C03CE00A1B12A /* oop2 */,
			);
		};
/* End PBXProject section */

/* Begin PBXSourcesBuildPhase section */
		73C9C4EE1E0C03CE00A1B12A /* Sources */ = {
			isa = PBXSourcesBuildPhase;
			buildActionMask = 2147483647;
			files = (
				73C9C5031E0C0F3100A1B12A /* main.cpp in Sources */,
				73C9C5021E0C0F3100A1B12A /* lispexprocessorclass.cpp in Sources */,
			);
			runOnlyForDeploymentPostprocessing = 0;
		};
/* End PBXSourcesBuildPhase section */

/* Begin XCBuildConfiguration section */
		73C9C4F71E0C03CE00A1B12A /* Debug */ = {
			isa = XCBuildConfiguration;
			buildSettings = {
				ALWAYS_SEARCH_USER_PATHS = NO;
				CLANG_CXX_LANGUAGE_STANDARD = "gnu++0x";
				CLANG_CXX_LIBRARY = "libc++";
				CLANG_ENABLE_MODULES = YES;
				CLANG_ENABLE_OBJC_ARC = YES;
				CLANG_WARN_BOOL_CONVERSION = YES;
				CLANG_WARN_CONSTANT_CONVERSION = YES;
				CLANG_WARN_DIRECT_OBJC_ISA_USAGE = YES_ERROR;
				CLANG_WARN_EMPTY_BODY = YES;
				CLANG_WARN_ENUM_CONVERSION = YES;
				CLANG_WARN_INT_CONVERSION = YES;
				CLANG_WARN_OBJC_ROOT_CLASS = YES_ERROR;
				CLANG_WARN_UNREACHABLE_CODE = YES;
				CLANG_WARN__DUPLICATE_METHOD_MATCH = YES;
				CODE_SIGN_IDENTITY = "-";
				COPY_PHASE_STRIP = NO;
				DEBUG_INFORMATION_FORMAT = dwarf;
				ENABLE_STRICT_OBJC_MSGSEND = YES;
				ENABLE_TESTABILITY = YES;
				GCC_C_LANGUAGE_STANDARD = gnu99;
				GCC_DYNAMIC_NO_PIC = NO;
				GCC_NO_COMMON_BLOCKS = YES;
				GCC_OPTIMIZATION_LEVEL = 0;
				GCC_PREPROCESSOR_DEFINITIONS = (
					"DEBUG=1",
					"$(inherited)",
				);
				GCC_WARN_64_TO_32_BIT_CONVERSION = YES;
				GCC_WARN_ABOUT_RETURN_TYPE = YES_ERROR;
				GCC_WARN_UNDECLARED_SELECTOR = YES;
				GCC_WARN_UNINITIALIZED_AUTOS = YES_AGGRESSIVE;
				GCC_WARN_UNUSED_FUNCTION = YES;
				GCC_WARN_UNUSED_VARIABLE = YES;
				MACOSX_DEPLOYMENT_TARGET = 10.12;
				MTL_ENABLE_DEBUG_INFO = YES;
				ONLY_ACTIVE_ARCH = YES;
				SDKROOT = macosx;
			};
			name = Debug;
		};
		73C9C4F81E0C03CE00A1B12A /* Release */ = {
			isa = XCBuildConfiguration;
			buildSettings = {
				ALWAYS_SEARCH_USER_PATHS = NO;
				CLANG_CXX_LANGUAGE_STANDARD = "gnu++0x";
				CLANG_CXX_LIBRARY = "libc++";
				CLANG_ENABLE_MODULES = YES;
				CLANG_ENABLE_OBJC_ARC = YES;
				CLANG_WARN_BOOL_CONVERSION = YES;
				CLANG_WARN_CONSTANT_CONVERSION = YES;
				CLANG_WARN_DIRECT_OBJC_ISA_USAGE = YES_ERROR;
				CLANG_WARN_EMPTY_BODY = YES;
				CLANG_WARN_ENUM_CONVERSION = YES;
				CLANG_WARN_INT_CONVERSION = YES;
				CLANG_WARN_OBJC_ROOT_CLASS = YES_ERROR;
				CLANG_WARN_UNREACHABLE_CODE = YES;
				CLANG_WARN__DUPLICATE_METHOD_MATCH = YES;
				CODE_SIGN_IDENTITY = "-";
				COPY_PHASE_STRIP = NO;
				DEBUG_INFORMATION_FORMAT = "dwarf-with-dsym";
				ENABLE_NS_ASSERTIONS = NO;
				ENABLE_STRICT_OBJC_MSGSEND = YES;
				GCC_C_LANGUAGE_STANDARD = gnu99;
				GCC_NO_COMMON_BLOCKS = YES;
				GCC_WARN_64_TO_32_BIT_CONVERSION = YES;
				GCC_WARN_ABOUT_RETURN_TYPE = YES_ERROR;
				GCC_WARN_UNDECLARED_SELECTOR = YES;
				GCC_WARN_UNINITIALIZED_AUTOS = YES_AGGRESSIVE;
				GCC_WARN_UNUSED_FUNCTION = YES;
				GCC_WARN_UNUSED_VARIABLE = YES;
				MACOSX_DEPLOYMENT_TARGET = 10.12;
				MTL_ENABLE_DEBUG_INFO = NO;
				SDKROOT = macosx;
			};
			name = Release;
		};
		73C9C4FA1E0C03CE00A1B12A /* Debug */ = {
			isa = XCBuildConfiguration;
			buildSettings = {
				PRODUCT_NAME = "$(TARGET_NAME)";
			};
			name = Debug;
		};
		73C9C4FB1E0C03CE00A1B12A /* Release */ = {
			isa = XCBuildConfiguration;
			buildSettings = {
				PRODUCT_NAME = "$(TARGET_NAME)";
			};
			name = Release;
		};
/* End XCBuildConfiguration section */

/* Begin XCConfigurationList section */
		73C9C4ED1E0C03CE00A1B12A /* Build configuration list for PBXProject "oop2" */ = {
			isa = XCConfigurationList;
			buildConfigurations = (
				73C9C4F71E0C03CE00A1B12A /* Debug */,
				73C9C4F81E0C03CE00A1B12A /* Release */,
			);
			defaultConfigurationIsVisible = 0;
			defaultConfigurationName = Release;
		};
		73C9C4F91E0C03CE00A1B12A /* Build configuration list for PBXNativeTarget "oop2" */ = {
			isa = XCConfigurationList;
			buildConfigurations = (
				73C9C4FA1E0C03CE00A1B12A /* Debug */,
				73C9C4FB1E0C03CE00A1B12A /* Release */,
			);
			defaultConfigurationIsVisible = 0;
			defaultConfigurationName = Release;
		};
/* End XCConfigurationList section */
	};
	rootObject = 73C9C4EA1E0C03CE00A1B12A /* Project object */;
}
